
Microsoft Visual Studio Solution File, Format Version 12.00
Project("{FAE04EC0-301F-11D3-BF4B-00C04F79EFBC}") = "PolygonsLIT", "PolygonsLIT\PolygonsLIT.csproj", "{2EEA9242-0D67-41D9-940F-51B1BF664DAB}"
EndProject
Global
	GlobalSection(SolutionConfigurationPlatforms) = preSolution
		Debug|Any CPU = Debug|Any CPU
		Release|Any CPU = Release|Any CPU
	EndGlobalSection
	GlobalSection(ProjectConfigurationPlatforms) = postSolution
		{2EEA9242-0D67-41D9-940F-51B1BF664DAB}.Debug|Any CPU.ActiveCfg = Debug|Any CPU
		{2EEA9242-0D67-41D9-940F-51B1BF664DAB}.Debug|Any CPU.Build.0 = Debug|Any CPU
		{2EEA9242-0D67-41D9-940F-51B1BF664DAB}.Release|Any CPU.ActiveCfg = Release|Any CPU
		{2EEA9242-0D67-41D9-940F-51B1BF664DAB}.Release|Any CPU.Build.0 = Release|Any CPU
	EndGlobalSection
EndGlobal
