
Microsoft Visual Studio Solution File, Format Version 12.00
# Visual Studio Version 17
VisualStudioVersion = 17.7.34221.43
MinimumVisualStudioVersion = 10.0.40219.1
Project("{9A19103F-16F7-4668-BE54-9A1E7A4F7556}") = "task4.1", "task4.1.csproj", "{7608AAF0-D359-4517-A38A-A6DB5D5A506E}"
EndProject
Global
	GlobalSection(SolutionConfigurationPlatforms) = preSolution
		Debug|Any CPU = Debug|Any CPU
		Release|Any CPU = Release|Any CPU
	EndGlobalSection
	GlobalSection(ProjectConfigurationPlatforms) = postSolution
		{7608AAF0-D359-4517-A38A-A6DB5D5A506E}.Debug|Any CPU.ActiveCfg = Debug|Any CPU
		{7608AAF0-D359-4517-A38A-A6DB5D5A506E}.Debug|Any CPU.Build.0 = Debug|Any CPU
		{7608AAF0-D359-4517-A38A-A6DB5D5A506E}.Release|Any CPU.ActiveCfg = Release|Any CPU
		{7608AAF0-D359-4517-A38A-A6DB5D5A506E}.Release|Any CPU.Build.0 = Release|Any CPU
	EndGlobalSection
	GlobalSection(SolutionProperties) = preSolution
		HideSolutionNode = FALSE
	EndGlobalSection
	GlobalSection(ExtensibilityGlobals) = postSolution
		SolutionGuid = {ADED004A-CBFD-4573-AECD-18F868354426}
	EndGlobalSection
EndGlobal
