
Microsoft Visual Studio Solution File, Format Version 12.00
# Visual Studio Version 17
VisualStudioVersion = 17.7.34221.43
MinimumVisualStudioVersion = 10.0.40219.1
Project("{9A19103F-16F7-4668-BE54-9A1E7A4F7556}") = "task3.3", "task3.3.csproj", "{46A8D7E0-2C74-40DA-BAED-97AAA8684FBC}"
EndProject
Global
	GlobalSection(SolutionConfigurationPlatforms) = preSolution
		Debug|Any CPU = Debug|Any CPU
		Release|Any CPU = Release|Any CPU
	EndGlobalSection
	GlobalSection(ProjectConfigurationPlatforms) = postSolution
		{46A8D7E0-2C74-40DA-BAED-97AAA8684FBC}.Debug|Any CPU.ActiveCfg = Debug|Any CPU
		{46A8D7E0-2C74-40DA-BAED-97AAA8684FBC}.Debug|Any CPU.Build.0 = Debug|Any CPU
		{46A8D7E0-2C74-40DA-BAED-97AAA8684FBC}.Release|Any CPU.ActiveCfg = Release|Any CPU
		{46A8D7E0-2C74-40DA-BAED-97AAA8684FBC}.Release|Any CPU.Build.0 = Release|Any CPU
	EndGlobalSection
	GlobalSection(SolutionProperties) = preSolution
		HideSolutionNode = FALSE
	EndGlobalSection
	GlobalSection(ExtensibilityGlobals) = postSolution
		SolutionGuid = {41D6CAA3-1D8E-443E-B1B4-092E496B8FE8}
	EndGlobalSection
EndGlobal
